// !$*UTF8*$!
{
	archiveVersion = 1;
	classes = {
	};
	objectVersion = 46;
	objects = {

/* Begin PBXBuildFile section */
		17928AC11E9269DC0015BD96 /* AppDelegate.swift in Sources */ = {isa = PBXBuildFile; fileRef = 17928AC01E9269DC0015BD96 /* AppDelegate.swift */; };
		17928AC31E9269DC0015BD96 /* ViewController.swift in Sources */ = {isa = PBXBuildFile; fileRef = 17928AC21E9269DC0015BD96 /* ViewController.swift */; };
		17928AC61E9269DC0015BD96 /* Main.storyboard in Resources */ = {isa = PBXBuildFile; fileRef = 17928AC41E9269DC0015BD96 /* Main.storyboard */; };
		17928AC81E9269DC0015BD96 /* Assets.xcassets in Resources */ = {isa = PBXBuildFile; fileRef = 17928AC71E9269DC0015BD96 /* Assets.xcassets */; };
		17928ACB1E9269DC0015BD96 /* LaunchScreen.storyboard in Resources */ = {isa = PBXBuildFile; fileRef = 17928AC91E9269DC0015BD96 /* LaunchScreen.storyboard */; };
/* End PBXBuildFile section */

/* Begin PBXFileReference section */
		17928ABD1E9269DC0015BD96 /* TriggerDeepLink.app */ = {isa = PBXFileReference; explicitFileType = wrapper.application; includeInIndex = 0; path = TriggerDeepLink.app; sourceTree = BUILT_PRODUCTS_DIR; };
		17928AC01E9269DC0015BD96 /* AppDelegate.swift */ = {isa = PBXFileReference; lastKnownFileType = sourcecode.swift; path = AppDelegate.swift; sourceTree = "<group>"; };
		17928AC21E9269DC0015BD96 /* ViewController.swift */ = {isa = PBXFileReference; lastKnownFileType = sourcecode.swift; path = ViewController.swift; sourceTree = "<group>"; };
		17928AC51E9269DC0015BD96 /* Base */ = {isa = PBXFileReference; lastKnownFileType = file.storyboard; name = Base; path = Base.lproj/Main.storyboard; sourceTree = "<group>"; };
		17928AC71E9269DC0015BD96 /* Assets.xcassets */ = {isa = PBXFileReference; lastKnownFileType = folder.assetcatalog; path = Assets.xcassets; sourceTree = "<group>"; };
		17928ACA1E9269DC0015BD96 /* Base */ = {isa = PBXFileReference; lastKnownFileType = file.storyboard; name = Base; path = Base.lproj/LaunchScreen.storyboard; sourceTree = "<group>"; };
		17928ACC1E9269DC0015BD96 /* Info.plist */ = {isa = PBXFileReference; lastKnownFileType = text.plist.xml; path = Info.plist; sourceTree = "<group>"; };
/* End PBXFileReference section */

/* Begin PBXFrameworksBuildPhase section */
		17928ABA1E9269DC0015BD96 /* Frameworks */ = {
			isa = PBXFrameworksBuildPhase;
			buildActionMask = 2147483647;
			files = (
			);
			runOnlyForDeploymentPostprocessing = 0;
		};
/* End PBXFrameworksBuildPhase section */

/* Begin PBXGroup section */
		17928AB41E9269DC0015BD96 = {
			isa = PBXGroup;
			children = (
				17928ABF1E9269DC0015BD96 /* TriggerDeepLink */,
				17928ABE1E9269DC0015BD96 /* Products */,
			);
			sourceTree = "<group>";
		};
		17928ABE1E9269DC0015BD96 /* Products */ = {
			isa = PBXGroup;
			children = (
				17928ABD1E9269DC0015BD96 /* TriggerDeepLink.app */,
			);
			name = Products;
			sourceTree = "<group>";
		};
		17928ABF1E9269DC0015BD96 /* TriggerDeepLink */ = {
			isa = PBXGroup;
			children = (
				17928AC01E9269DC0015BD96 /* AppDelegate.swift */,
				17928AC21E9269DC0015BD96 /* ViewController.swift */,
				17928AC41E9269DC0015BD96 /* Main.storyboard */,
				17928AC71E9269DC0015BD96 /* Assets.xcassets */,
				17928AC91E9269DC0015BD96 /* LaunchScreen.storyboard */,
				17928ACC1E9269DC0015BD96 /* Info.plist */,
			);
			path = TriggerDeepLink;
			sourceTree = "<group>";
		};
/* End PBXGroup section */

/* Begin PBXNativeTarget section */
		17928ABC1E9269DC0015BD96 /* TriggerDeepLink */ = {
			isa = PBXNativeTarget;
			buildConfigurationList = 17928ACF1E9269DC0015BD96 /* Build configuration list for PBXNativeTarget "TriggerDeepLink" */;
			buildPhases = (
				17928AB91E9269DC0015BD96 /* Sources */,
				17928ABA1E9269DC0015BD96 /* Frameworks */,
				17928ABB1E9269DC0015BD96 /* Resources */,
			);
			buildRules = (
			);
			dependencies = (
			);
			name = TriggerDeepLink;
			productName = TriggerDeepLink;
			productReference = 17928ABD1E9269DC0015BD96 /* TriggerDeepLink.app */;
			productType = "com.apple.product-type.application";
		};
/* End PBXNativeTarget section */

/* Begin PBXProject section */
		17928AB51E9269DC0015BD96 /* Project object */ = {
			isa = PBXProject;
			attributes = {
				LastSwiftUpdateCheck = 0830;
				LastUpgradeCheck = 0830;
				ORGANIZATIONNAME = objc.io;
				TargetAttributes = {
					17928ABC1E9269DC0015BD96 = {
						CreatedOnToolsVersion = 8.3;
						ProvisioningStyle = Automatic;
					};
				};
			};
			buildConfigurationList = 17928AB81E9269DC0015BD96 /* Build configuration list for PBXProject "TriggerDeepLink" */;
			compatibilityVersion = "Xcode 3.2";
			developmentRegion = English;
			hasScannedForEncodings = 0;
			knownRegions = (
				en,
				Base,
			);
			mainGroup = 17928AB41E9269DC0015BD96;
			productRefGroup = 17928ABE1E9269DC0015BD96 /* Products */;
			projectDirPath = "";
			projectRoot = "";
			targets = (
				17928ABC1E9269DC0015BD96 /* TriggerDeepLink */,
			);
		};
/* End PBXProject section */

/* Begin PBXResourcesBuildPhase section */
		17928ABB1E9269DC0015BD96 /* Resources */ = {
			isa = PBXResourcesBuildPhase;
			buildActionMask = 2147483647;
			files = (
				17928ACB1E9269DC0015BD96 /* LaunchScreen.storyboard in Resources */,
				17928AC81E9269DC0015BD96 /* Assets.xcassets in Resources */,
				17928AC61E9269DC0015BD96 /* Main.storyboard in Resources */,
			);
			runOnlyForDeploymentPostprocessing = 0;
		};
/* End PBXResourcesBuildPhase section */

/* Begin PBXSourcesBuildPhase section */
		17928AB91E9269DC0015BD96 /* Sources */ = {
			isa = PBXSourcesBuildPhase;
			buildActionMask = 2147483647;
			files = (
				17928AC31E9269DC0015BD96 /* ViewController.swift in Sources */,
				17928AC11E9269DC0015BD96 /* AppDelegate.swift in Sources */,
			);
			runOnlyForDeploymentPostprocessing = 0;
		};
/* End PBXSourcesBuildPhase section */

/* Begin PBXVariantGroup section */
		17928AC41E9269DC0015BD96 /* Main.storyboard */ = {
			isa = PBXVariantGroup;
			children = (
				17928AC51E9269DC0015BD96 /* Base */,
			);
			name = Main.storyboard;
			sourceTree = "<group>";
		};
		17928AC91E9269DC0015BD96 /* LaunchScreen.storyboard */ = {
			isa = PBXVariantGroup;
			children = (
				17928ACA1E9269DC0015BD96 /* Base */,
			);
			name = LaunchScreen.storyboard;
			sourceTree = "<group>";
		};
/* End PBXVariantGroup section */

/* Begin XCBuildConfiguration section */
		17928ACD1E9269DC0015BD96 /* Debug */ = {
			isa = XCBuildConfiguration;
			buildSettings = {
				ALWAYS_SEARCH_USER_PATHS = NO;
				CLANG_ANALYZER_NONNULL = YES;
				CLANG_ANALYZER_NUMBER_OBJECT_CONVERSION = YES_AGGRESSIVE;
				CLANG_CXX_LANGUAGE_STANDARD = "gnu++0x";
				CLANG_CXX_LIBRARY = "libc++";
				CLANG_ENABLE_MODULES = YES;
				CLANG_ENABLE_OBJC_ARC = YES;
				CLANG_WARN_BOOL_CONVERSION = YES;
				CLANG_WARN_CONSTANT_CONVERSION = YES;
				CLANG_WARN_DIRECT_OBJC_ISA_USAGE = YES_ERROR;
				CLANG_WARN_DOCUMENTATION_COMMENTS = YES;
				CLANG_WARN_EMPTY_BODY = YES;
				CLANG_WARN_ENUM_CONVERSION = YES;
				CLANG_WARN_INFINITE_RECURSION = YES;
				CLANG_WARN_INT_CONVERSION = YES;
				CLANG_WARN_OBJC_ROOT_CLASS = YES_ERROR;
				CLANG_WARN_SUSPICIOUS_MOVE = YES;
				CLANG_WARN_UNREACHABLE_CODE = YES;
				CLANG_WARN__DUPLICATE_METHOD_MATCH = YES;
				"CODE_SIGN_IDENTITY[sdk=iphoneos*]" = "iPhone Developer";
				COPY_PHASE_STRIP = NO;
				DEBUG_INFORMATION_FORMAT = dwarf;
				ENABLE_STRICT_OBJC_MSGSEND = YES;
				ENABLE_TESTABILITY = YES;
				GCC_C_LANGUAGE_STANDARD = gnu99;
				GCC_DYNAMIC_NO_PIC = NO;
				GCC_NO_COMMON_BLOCKS = YES;
				GCC_OPTIMIZATION_LEVEL = 0;
				GCC_PREPROCESSOR_DEFINITIONS = (
					"DEBUG=1",
					"$(inherited)",
				);
				GCC_WARN_64_TO_32_BIT_CONVERSION = YES;
				GCC_WARN_ABOUT_RETURN_TYPE = YES_ERROR;
				GCC_WARN_UNDECLARED_SELECTOR = YES;
				GCC_WARN_UNINITIALIZED_AUTOS = YES_AGGRESSIVE;
				GCC_WARN_UNUSED_FUNCTION = YES;
				GCC_WARN_UNUSED_VARIABLE = YES;
				IPHONEOS_DEPLOYMENT_TARGET = 10.3;
				MTL_ENABLE_DEBUG_INFO = YES;
				ONLY_ACTIVE_ARCH = YES;
				SDKROOT = iphoneos;
				SWIFT_ACTIVE_COMPILATION_CONDITIONS = DEBUG;
				SWIFT_OPTIMIZATION_LEVEL = "-Onone";
			};
			name = Debug;
		};
		17928ACE1E9269DC0015BD96 /* Release */ = {
			isa = XCBuildConfiguration;
			buildSettings = {
				ALWAYS_SEARCH_USER_PATHS = NO;
				CLANG_ANALYZER_NONNULL = YES;
				CLANG_ANALYZER_NUMBER_OBJECT_CONVERSION = YES_AGGRESSIVE;
				CLANG_CXX_LANGUAGE_STANDARD = "gnu++0x";
				CLANG_CXX_LIBRARY = "libc++";
				CLANG_ENABLE_MODULES = YES;
				CLANG_ENABLE_OBJC_ARC = YES;
				CLANG_WARN_BOOL_CONVERSION = YES;
				CLANG_WARN_CONSTANT_CONVERSION = YES;
				CLANG_WARN_DIRECT_OBJC_ISA_USAGE = YES_ERROR;
				CLANG_WARN_DOCUMENTATION_COMMENTS = YES;
				CLANG_WARN_EMPTY_BODY = YES;
				CLANG_WARN_ENUM_CONVERSION = YES;
				CLANG_WARN_INFINITE_RECURSION = YES;
				CLANG_WARN_INT_CONVERSION = YES;
				CLANG_WARN_OBJC_ROOT_CLASS = YES_ERROR;
				CLANG_WARN_SUSPICIOUS_MOVE = YES;
				CLANG_WARN_UNREACHABLE_CODE = YES;
				CLANG_WARN__DUPLICATE_METHOD_MATCH = YES;
				"CODE_SIGN_IDENTITY[sdk=iphoneos*]" = "iPhone Developer";
				COPY_PHASE_STRIP = NO;
				DEBUG_INFORMATION_FORMAT = "dwarf-with-dsym";
				ENABLE_NS_ASSERTIONS = NO;
				ENABLE_STRICT_OBJC_MSGSEND = YES;
				GCC_C_LANGUAGE_STANDARD = gnu99;
				GCC_NO_COMMON_BLOCKS = YES;
				GCC_WARN_64_TO_32_BIT_CONVERSION = YES;
				GCC_WARN_ABOUT_RETURN_TYPE = YES_ERROR;
				GCC_WARN_UNDECLARED_SELECTOR = YES;
				GCC_WARN_UNINITIALIZED_AUTOS = YES_AGGRESSIVE;
				GCC_WARN_UNUSED_FUNCTION = YES;
				GCC_WARN_UNUSED_VARIABLE = YES;
				IPHONEOS_DEPLOYMENT_TARGET = 10.3;
				MTL_ENABLE_DEBUG_INFO = NO;
				SDKROOT = iphoneos;
				SWIFT_OPTIMIZATION_LEVEL = "-Owholemodule";
				VALIDATE_PRODUCT = YES;
			};
			name = Release;
		};
		17928AD01E9269DC0015BD96 /* Debug */ = {
			isa = XCBuildConfiguration;
			buildSettings = {
				ASSETCATALOG_COMPILER_APPICON_NAME = AppIcon;
				INFOPLIST_FILE = TriggerDeepLink/Info.plist;
				LD_RUNPATH_SEARCH_PATHS = "$(inherited) @executable_path/Frameworks";
				PRODUCT_BUNDLE_IDENTIFIER = io.objc.TriggerDeepLink;
				PRODUCT_NAME = "$(TARGET_NAME)";
				SWIFT_VERSION = 3.0;
			};
			name = Debug;
		};
		17928AD11E9269DC0015BD96 /* Release */ = {
			isa = XCBuildConfiguration;
			buildSettings = {
				ASSETCATALOG_COMPILER_APPICON_NAME = AppIcon;
				INFOPLIST_FILE = TriggerDeepLink/Info.plist;
				LD_RUNPATH_SEARCH_PATHS = "$(inherited) @executable_path/Frameworks";
				PRODUCT_BUNDLE_IDENTIFIER = io.objc.TriggerDeepLink;
				PRODUCT_NAME = "$(TARGET_NAME)";
				SWIFT_VERSION = 3.0;
			};
			name = Release;
		};
/* End XCBuildConfiguration section */

/* Begin XCConfigurationList section */
		17928AB81E9269DC0015BD96 /* Build configuration list for PBXProject "TriggerDeepLink" */ = {
			isa = XCConfigurationList;
			buildConfigurations = (
				17928ACD1E9269DC0015BD96 /* Debug */,
				17928ACE1E9269DC0015BD96 /* Release */,
			);
			defaultConfigurationIsVisible = 0;
			defaultConfigurationName = Release;
		};
		17928ACF1E9269DC0015BD96 /* Build configuration list for PBXNativeTarget "TriggerDeepLink" */ = {
			isa = XCConfigurationList;
			buildConfigurations = (
				17928AD01E9269DC0015BD96 /* Debug */,
				17928AD11E9269DC0015BD96 /* Release */,
			);
			defaultConfigurationIsVisible = 0;
		};
/* End XCConfigurationList section */
	};
	rootObject = 17928AB51E9269DC0015BD96 /* Project object */;
}
